
Microsoft Visual Studio Solution File, Format Version 12.00
# Visual Studio Version 16
VisualStudioVersion = 16.0.33214.272
MinimumVisualStudioVersion = 10.0.40219.1
Project("{8BC9CEB8-8B4A-11D0-8D11-00A0C91BC942}") = "CPP-Exercises", "CPP-Exercises\CPP-Exercises.vcxproj", "{BFFD7596-F1E4-45DE-80F8-6DFB8789B84B}"
EndProject
Project("{8BC9CEB8-8B4A-11D0-8D11-00A0C91BC942}") = "CPP-Exercises01", "CPP-Exercises01\CPP-Exercises01.vcxproj", "{782B02D4-0FBF-4264-8AD4-6996C28BE14F}"
EndProject
Project("{8BC9CEB8-8B4A-11D0-8D11-00A0C91BC942}") = "ObstacleRaceTest", "ObstacleRaceTest\ObstacleRaceTest.vcxproj", "{B61C430A-0E6D-4447-96B4-0F2A0A127657}"
EndProject
Project("{8BC9CEB8-8B4A-11D0-8D11-00A0C91BC942}") = "CPP-Exercises02", "CPP-Exercises02\CPP-Exercises02.vcxproj", "{9B89748B-C310-4B94-A615-92C38F852C7B}"
EndProject
Project("{8BC9CEB8-8B4A-11D0-8D11-00A0C91BC942}") = "SafeBank", "SafeBank\SafeBank.vcxproj", "{FE558417-09C8-4733-B10A-BC200F3AA52E}"
EndProject
Project("{8BC9CEB8-8B4A-11D0-8D11-00A0C91BC942}") = "CPP-Exercises03", "CPP-Exercises03\CPP-Exercises03.vcxproj", "{AFEE19E3-EB5F-4ABD-8DBA-6DAD86DDE9C0}"
EndProject
Project("{8BC9CEB8-8B4A-11D0-8D11-00A0C91BC942}") = "Nimm", "Nimm\Nimm.vcxproj", "{A796E6F5-9AA4-4DEB-9527-C0F8249B28F2}"
EndProject
Global
	GlobalSection(SolutionConfigurationPlatforms) = preSolution
		Debug|x64 = Debug|x64
		Debug|x86 = Debug|x86
		Release|x64 = Release|x64
		Release|x86 = Release|x86
	EndGlobalSection
	GlobalSection(ProjectConfigurationPlatforms) = postSolution
		{BFFD7596-F1E4-45DE-80F8-6DFB8789B84B}.Debug|x64.ActiveCfg = Debug|x64
		{BFFD7596-F1E4-45DE-80F8-6DFB8789B84B}.Debug|x64.Build.0 = Debug|x64
		{BFFD7596-F1E4-45DE-80F8-6DFB8789B84B}.Debug|x86.ActiveCfg = Debug|Win32
		{BFFD7596-F1E4-45DE-80F8-6DFB8789B84B}.Debug|x86.Build.0 = Debug|Win32
		{BFFD7596-F1E4-45DE-80F8-6DFB8789B84B}.Release|x64.ActiveCfg = Release|x64
		{BFFD7596-F1E4-45DE-80F8-6DFB8789B84B}.Release|x64.Build.0 = Release|x64
		{BFFD7596-F1E4-45DE-80F8-6DFB8789B84B}.Release|x86.ActiveCfg = Release|Win32
		{BFFD7596-F1E4-45DE-80F8-6DFB8789B84B}.Release|x86.Build.0 = Release|Win32
		{782B02D4-0FBF-4264-8AD4-6996C28BE14F}.Debug|x64.ActiveCfg = Debug|x64
		{782B02D4-0FBF-4264-8AD4-6996C28BE14F}.Debug|x64.Build.0 = Debug|x64
		{782B02D4-0FBF-4264-8AD4-6996C28BE14F}.Debug|x86.ActiveCfg = Debug|Win32
		{782B02D4-0FBF-4264-8AD4-6996C28BE14F}.Debug|x86.Build.0 = Debug|Win32
		{782B02D4-0FBF-4264-8AD4-6996C28BE14F}.Release|x64.ActiveCfg = Release|x64
		{782B02D4-0FBF-4264-8AD4-6996C28BE14F}.Release|x64.Build.0 = Release|x64
		{782B02D4-0FBF-4264-8AD4-6996C28BE14F}.Release|x86.ActiveCfg = Release|Win32
		{782B02D4-0FBF-4264-8AD4-6996C28BE14F}.Release|x86.Build.0 = Release|Win32
		{B61C430A-0E6D-4447-96B4-0F2A0A127657}.Debug|x64.ActiveCfg = Debug|x64
		{B61C430A-0E6D-4447-96B4-0F2A0A127657}.Debug|x64.Build.0 = Debug|x64
		{B61C430A-0E6D-4447-96B4-0F2A0A127657}.Debug|x86.ActiveCfg = Debug|Win32
		{B61C430A-0E6D-4447-96B4-0F2A0A127657}.Debug|x86.Build.0 = Debug|Win32
		{B61C430A-0E6D-4447-96B4-0F2A0A127657}.Release|x64.ActiveCfg = Release|x64
		{B61C430A-0E6D-4447-96B4-0F2A0A127657}.Release|x64.Build.0 = Release|x64
		{B61C430A-0E6D-4447-96B4-0F2A0A127657}.Release|x86.ActiveCfg = Release|Win32
		{B61C430A-0E6D-4447-96B4-0F2A0A127657}.Release|x86.Build.0 = Release|Win32
		{9B89748B-C310-4B94-A615-92C38F852C7B}.Debug|x64.ActiveCfg = Debug|x64
		{9B89748B-C310-4B94-A615-92C38F852C7B}.Debug|x64.Build.0 = Debug|x64
		{9B89748B-C310-4B94-A615-92C38F852C7B}.Debug|x86.ActiveCfg = Debug|Win32
		{9B89748B-C310-4B94-A615-92C38F852C7B}.Debug|x86.Build.0 = Debug|Win32
		{9B89748B-C310-4B94-A615-92C38F852C7B}.Release|x64.ActiveCfg = Release|x64
		{9B89748B-C310-4B94-A615-92C38F852C7B}.Release|x64.Build.0 = Release|x64
		{9B89748B-C310-4B94-A615-92C38F852C7B}.Release|x86.ActiveCfg = Release|Win32
		{9B89748B-C310-4B94-A615-92C38F852C7B}.Release|x86.Build.0 = Release|Win32
		{FE558417-09C8-4733-B10A-BC200F3AA52E}.Debug|x64.ActiveCfg = Debug|x64
		{FE558417-09C8-4733-B10A-BC200F3AA52E}.Debug|x64.Build.0 = Debug|x64
		{FE558417-09C8-4733-B10A-BC200F3AA52E}.Debug|x86.ActiveCfg = Debug|Win32
		{FE558417-09C8-4733-B10A-BC200F3AA52E}.Debug|x86.Build.0 = Debug|Win32
		{FE558417-09C8-4733-B10A-BC200F3AA52E}.Release|x64.ActiveCfg = Release|x64
		{FE558417-09C8-4733-B10A-BC200F3AA52E}.Release|x64.Build.0 = Release|x64
		{FE558417-09C8-4733-B10A-BC200F3AA52E}.Release|x86.ActiveCfg = Release|Win32
		{FE558417-09C8-4733-B10A-BC200F3AA52E}.Release|x86.Build.0 = Release|Win32
		{AFEE19E3-EB5F-4ABD-8DBA-6DAD86DDE9C0}.Debug|x64.ActiveCfg = Debug|x64
		{AFEE19E3-EB5F-4ABD-8DBA-6DAD86DDE9C0}.Debug|x64.Build.0 = Debug|x64
		{AFEE19E3-EB5F-4ABD-8DBA-6DAD86DDE9C0}.Debug|x86.ActiveCfg = Debug|Win32
		{AFEE19E3-EB5F-4ABD-8DBA-6DAD86DDE9C0}.Debug|x86.Build.0 = Debug|Win32
		{AFEE19E3-EB5F-4ABD-8DBA-6DAD86DDE9C0}.Release|x64.ActiveCfg = Release|x64
		{AFEE19E3-EB5F-4ABD-8DBA-6DAD86DDE9C0}.Release|x64.Build.0 = Release|x64
		{AFEE19E3-EB5F-4ABD-8DBA-6DAD86DDE9C0}.Release|x86.ActiveCfg = Release|Win32
		{AFEE19E3-EB5F-4ABD-8DBA-6DAD86DDE9C0}.Release|x86.Build.0 = Release|Win32
		{A796E6F5-9AA4-4DEB-9527-C0F8249B28F2}.Debug|x64.ActiveCfg = Debug|x64
		{A796E6F5-9AA4-4DEB-9527-C0F8249B28F2}.Debug|x64.Build.0 = Debug|x64
		{A796E6F5-9AA4-4DEB-9527-C0F8249B28F2}.Debug|x86.ActiveCfg = Debug|Win32
		{A796E6F5-9AA4-4DEB-9527-C0F8249B28F2}.Debug|x86.Build.0 = Debug|Win32
		{A796E6F5-9AA4-4DEB-9527-C0F8249B28F2}.Release|x64.ActiveCfg = Release|x64
		{A796E6F5-9AA4-4DEB-9527-C0F8249B28F2}.Release|x64.Build.0 = Release|x64
		{A796E6F5-9AA4-4DEB-9527-C0F8249B28F2}.Release|x86.ActiveCfg = Release|Win32
		{A796E6F5-9AA4-4DEB-9527-C0F8249B28F2}.Release|x86.Build.0 = Release|Win32
	EndGlobalSection
	GlobalSection(SolutionProperties) = preSolution
		HideSolutionNode = FALSE
	EndGlobalSection
	GlobalSection(ExtensibilityGlobals) = postSolution
		SolutionGuid = {87B9F149-FF59-426F-A7A9-C9DD45BC4655}
	EndGlobalSection
EndGlobal
