
Microsoft Visual Studio Solution File, Format Version 12.00
# Visual Studio Version 16
VisualStudioVersion = 16.0.33214.272
MinimumVisualStudioVersion = 10.0.40219.1
Project("{8BC9CEB8-8B4A-11D0-8D11-00A0C91BC942}") = "CPP-Exercises", "CPP-Exercises\CPP-Exercises.vcxproj", "{BFFD7596-F1E4-45DE-80F8-6DFB8789B84B}"
EndProject
Global
	GlobalSection(SolutionConfigurationPlatforms) = preSolution
		Debug|x64 = Debug|x64
		Debug|x86 = Debug|x86
		Release|x64 = Release|x64
		Release|x86 = Release|x86
	EndGlobalSection
	GlobalSection(ProjectConfigurationPlatforms) = postSolution
		{BFFD7596-F1E4-45DE-80F8-6DFB8789B84B}.Debug|x64.ActiveCfg = Debug|x64
		{BFFD7596-F1E4-45DE-80F8-6DFB8789B84B}.Debug|x64.Build.0 = Debug|x64
		{BFFD7596-F1E4-45DE-80F8-6DFB8789B84B}.Debug|x86.ActiveCfg = Debug|Win32
		{BFFD7596-F1E4-45DE-80F8-6DFB8789B84B}.Debug|x86.Build.0 = Debug|Win32
		{BFFD7596-F1E4-45DE-80F8-6DFB8789B84B}.Release|x64.ActiveCfg = Release|x64
		{BFFD7596-F1E4-45DE-80F8-6DFB8789B84B}.Release|x64.Build.0 = Release|x64
		{BFFD7596-F1E4-45DE-80F8-6DFB8789B84B}.Release|x86.ActiveCfg = Release|Win32
		{BFFD7596-F1E4-45DE-80F8-6DFB8789B84B}.Release|x86.Build.0 = Release|Win32
	EndGlobalSection
	GlobalSection(SolutionProperties) = preSolution
		HideSolutionNode = FALSE
	EndGlobalSection
	GlobalSection(ExtensibilityGlobals) = postSolution
		SolutionGuid = {87B9F149-FF59-426F-A7A9-C9DD45BC4655}
	EndGlobalSection
EndGlobal
